
Microsoft Visual Studio Solution File, Format Version 12.00
# Visual Studio 2013
VisualStudioVersion = 12.0.21005.1
MinimumVisualStudioVersion = 10.0.40219.1
Project("{2150E333-8FDC-42A3-9474-1A3956D46DE8}") = "222.ref", "222.ref", "{1A0CE98E-EC54-408C-9BA9-32617113B4F9}"
EndProject
Project("{FAE04EC0-301F-11D3-BF4B-00C04F79EFBC}") = "nilnul.bit130616", "..\..\nilnul.bit(sln\lib\nilnul.bit130616.csproj", "{109C1344-5BEA-4E1A-B662-2C7FE60AC428}"
EndProject
Project("{2150E333-8FDC-42A3-9474-1A3956D46DE8}") = "nilnul", "nilnul", "{29826A61-DF20-4CF2-AFDD-F55921C2ACCE}"
EndProject
Project("{FAE04EC0-301F-11D3-BF4B-00C04F79EFBC}") = "nilnul(130621", "..\..\nilnul(130115\lib\nilnul(130621.csproj", "{781321C7-7737-4B1F-BA13-048169502805}"
EndProject
Project("{FAE04EC0-301F-11D3-BF4B-00C04F79EFBC}") = "nilnul.obj", "..\..\nilnul.obj\lib\nilnul.obj.csproj", "{9807479B-F797-4A18-9FEB-0CC576C27308}"
EndProject
Project("{2150E333-8FDC-42A3-9474-1A3956D46DE8}") = "111.ref", "111.ref", "{B937B7FD-3759-484B-8A1E-F7FADF835194}"
EndProject
Project("{2150E333-8FDC-42A3-9474-1A3956D46DE8}") = "nilnul", "nilnul", "{6C9FB20A-B7FB-4A41-91A1-B8EFD3BB7080}"
EndProject
Project("{FAE04EC0-301F-11D3-BF4B-00C04F79EFBC}") = "nilnul.collection.set130710", "..\..\nilnul.collection.set\lib\nilnul.collection.set130710.csproj", "{2AA0C2E4-554D-4E03-BB2D-9325DEF32AD0}"
EndProject
Project("{2150E333-8FDC-42A3-9474-1A3956D46DE8}") = "bit", "bit", "{30F88005-A2F6-4999-830C-70F3133C9564}"
EndProject
Project("{2150E333-8FDC-42A3-9474-1A3956D46DE8}") = "nilnul_obj", "nilnul_obj", "{B40132D1-E305-46D2-AE24-E30E00933809}"
EndProject
Project("{2150E333-8FDC-42A3-9474-1A3956D46DE8}") = "_ref", "_ref", "{9C4D9835-5937-4D56-9919-769025FA9DEC}"
EndProject
Project("{2150E333-8FDC-42A3-9474-1A3956D46DE8}") = "collection(matrix", "collection(matrix", "{DB39501B-B9B6-42A5-BBD5-1DC96A0BE6EE}"
EndProject
Project("{FAE04EC0-301F-11D3-BF4B-00C04F79EFBC}") = "nilnul.collection(131218", "..\..\nilnul.collection\lib\nilnul.collection(131218.csproj", "{8A90EE69-6C6D-46A9-B344-04111EBD0172}"
EndProject
Project("{FAE04EC0-301F-11D3-BF4B-00C04F79EFBC}") = "nilnul.num.natural._lib_dbConn", "..\_lib_dbConn\nilnul.num.natural._lib_dbConn.csproj", "{4F91AD6D-3D75-4292-ABE9-68E85050DB8A}"
EndProject
Project("{FAE04EC0-301F-11D3-BF4B-00C04F79EFBC}") = "nilnul.num.natural140912", "nilnul.num.natural140912.csproj", "{E4AC66BE-7995-4581-85E4-38D4E1C3E79F}"
EndProject
Global
	GlobalSection(SolutionConfigurationPlatforms) = preSolution
		Debug|Any CPU = Debug|Any CPU
		Debug|Mixed Platforms = Debug|Mixed Platforms
		Debug|x86 = Debug|x86
		Release|Any CPU = Release|Any CPU
		Release|Mixed Platforms = Release|Mixed Platforms
		Release|x86 = Release|x86
	EndGlobalSection
	GlobalSection(ProjectConfigurationPlatforms) = postSolution
		{109C1344-5BEA-4E1A-B662-2C7FE60AC428}.Debug|Any CPU.ActiveCfg = Debug|Any CPU
		{109C1344-5BEA-4E1A-B662-2C7FE60AC428}.Debug|Any CPU.Build.0 = Debug|Any CPU
		{109C1344-5BEA-4E1A-B662-2C7FE60AC428}.Debug|Mixed Platforms.ActiveCfg = Debug|Any CPU
		{109C1344-5BEA-4E1A-B662-2C7FE60AC428}.Debug|Mixed Platforms.Build.0 = Debug|Any CPU
		{109C1344-5BEA-4E1A-B662-2C7FE60AC428}.Debug|x86.ActiveCfg = Debug|Any CPU
		{109C1344-5BEA-4E1A-B662-2C7FE60AC428}.Release|Any CPU.ActiveCfg = Release|Any CPU
		{109C1344-5BEA-4E1A-B662-2C7FE60AC428}.Release|Any CPU.Build.0 = Release|Any CPU
		{109C1344-5BEA-4E1A-B662-2C7FE60AC428}.Release|Mixed Platforms.ActiveCfg = Release|Any CPU
		{109C1344-5BEA-4E1A-B662-2C7FE60AC428}.Release|Mixed Platforms.Build.0 = Release|Any CPU
		{109C1344-5BEA-4E1A-B662-2C7FE60AC428}.Release|x86.ActiveCfg = Release|Any CPU
		{781321C7-7737-4B1F-BA13-048169502805}.Debug|Any CPU.ActiveCfg = Debug|Any CPU
		{781321C7-7737-4B1F-BA13-048169502805}.Debug|Any CPU.Build.0 = Debug|Any CPU
		{781321C7-7737-4B1F-BA13-048169502805}.Debug|Mixed Platforms.ActiveCfg = Debug|Any CPU
		{781321C7-7737-4B1F-BA13-048169502805}.Debug|Mixed Platforms.Build.0 = Debug|Any CPU
		{781321C7-7737-4B1F-BA13-048169502805}.Debug|x86.ActiveCfg = Debug|Any CPU
		{781321C7-7737-4B1F-BA13-048169502805}.Release|Any CPU.ActiveCfg = Release|Any CPU
		{781321C7-7737-4B1F-BA13-048169502805}.Release|Any CPU.Build.0 = Release|Any CPU
		{781321C7-7737-4B1F-BA13-048169502805}.Release|Mixed Platforms.ActiveCfg = Release|Any CPU
		{781321C7-7737-4B1F-BA13-048169502805}.Release|Mixed Platforms.Build.0 = Release|Any CPU
		{781321C7-7737-4B1F-BA13-048169502805}.Release|x86.ActiveCfg = Release|Any CPU
		{9807479B-F797-4A18-9FEB-0CC576C27308}.Debug|Any CPU.ActiveCfg = Debug|Any CPU
		{9807479B-F797-4A18-9FEB-0CC576C27308}.Debug|Any CPU.Build.0 = Debug|Any CPU
		{9807479B-F797-4A18-9FEB-0CC576C27308}.Debug|Mixed Platforms.ActiveCfg = Debug|Any CPU
		{9807479B-F797-4A18-9FEB-0CC576C27308}.Debug|Mixed Platforms.Build.0 = Debug|Any CPU
		{9807479B-F797-4A18-9FEB-0CC576C27308}.Debug|x86.ActiveCfg = Debug|Any CPU
		{9807479B-F797-4A18-9FEB-0CC576C27308}.Release|Any CPU.ActiveCfg = Release|Any CPU
		{9807479B-F797-4A18-9FEB-0CC576C27308}.Release|Any CPU.Build.0 = Release|Any CPU
		{9807479B-F797-4A18-9FEB-0CC576C27308}.Release|Mixed Platforms.ActiveCfg = Release|Any CPU
		{9807479B-F797-4A18-9FEB-0CC576C27308}.Release|Mixed Platforms.Build.0 = Release|Any CPU
		{9807479B-F797-4A18-9FEB-0CC576C27308}.Release|x86.ActiveCfg = Release|Any CPU
		{2AA0C2E4-554D-4E03-BB2D-9325DEF32AD0}.Debug|Any CPU.ActiveCfg = Debug|Any CPU
		{2AA0C2E4-554D-4E03-BB2D-9325DEF32AD0}.Debug|Any CPU.Build.0 = Debug|Any CPU
		{2AA0C2E4-554D-4E03-BB2D-9325DEF32AD0}.Debug|Mixed Platforms.ActiveCfg = Debug|Any CPU
		{2AA0C2E4-554D-4E03-BB2D-9325DEF32AD0}.Debug|Mixed Platforms.Build.0 = Debug|Any CPU
		{2AA0C2E4-554D-4E03-BB2D-9325DEF32AD0}.Debug|x86.ActiveCfg = Debug|Any CPU
		{2AA0C2E4-554D-4E03-BB2D-9325DEF32AD0}.Release|Any CPU.ActiveCfg = Release|Any CPU
		{2AA0C2E4-554D-4E03-BB2D-9325DEF32AD0}.Release|Any CPU.Build.0 = Release|Any CPU
		{2AA0C2E4-554D-4E03-BB2D-9325DEF32AD0}.Release|Mixed Platforms.ActiveCfg = Release|Any CPU
		{2AA0C2E4-554D-4E03-BB2D-9325DEF32AD0}.Release|Mixed Platforms.Build.0 = Release|Any CPU
		{2AA0C2E4-554D-4E03-BB2D-9325DEF32AD0}.Release|x86.ActiveCfg = Release|Any CPU
		{8A90EE69-6C6D-46A9-B344-04111EBD0172}.Debug|Any CPU.ActiveCfg = Debug|Any CPU
		{8A90EE69-6C6D-46A9-B344-04111EBD0172}.Debug|Any CPU.Build.0 = Debug|Any CPU
		{8A90EE69-6C6D-46A9-B344-04111EBD0172}.Debug|Mixed Platforms.ActiveCfg = Debug|Any CPU
		{8A90EE69-6C6D-46A9-B344-04111EBD0172}.Debug|Mixed Platforms.Build.0 = Debug|Any CPU
		{8A90EE69-6C6D-46A9-B344-04111EBD0172}.Debug|x86.ActiveCfg = Debug|Any CPU
		{8A90EE69-6C6D-46A9-B344-04111EBD0172}.Release|Any CPU.ActiveCfg = Release|Any CPU
		{8A90EE69-6C6D-46A9-B344-04111EBD0172}.Release|Any CPU.Build.0 = Release|Any CPU
		{8A90EE69-6C6D-46A9-B344-04111EBD0172}.Release|Mixed Platforms.ActiveCfg = Release|Any CPU
		{8A90EE69-6C6D-46A9-B344-04111EBD0172}.Release|Mixed Platforms.Build.0 = Release|Any CPU
		{8A90EE69-6C6D-46A9-B344-04111EBD0172}.Release|x86.ActiveCfg = Release|Any CPU
		{4F91AD6D-3D75-4292-ABE9-68E85050DB8A}.Debug|Any CPU.ActiveCfg = Debug|Any CPU
		{4F91AD6D-3D75-4292-ABE9-68E85050DB8A}.Debug|Any CPU.Build.0 = Debug|Any CPU
		{4F91AD6D-3D75-4292-ABE9-68E85050DB8A}.Debug|Mixed Platforms.ActiveCfg = Debug|Any CPU
		{4F91AD6D-3D75-4292-ABE9-68E85050DB8A}.Debug|Mixed Platforms.Build.0 = Debug|Any CPU
		{4F91AD6D-3D75-4292-ABE9-68E85050DB8A}.Debug|x86.ActiveCfg = Debug|Any CPU
		{4F91AD6D-3D75-4292-ABE9-68E85050DB8A}.Release|Any CPU.ActiveCfg = Release|Any CPU
		{4F91AD6D-3D75-4292-ABE9-68E85050DB8A}.Release|Any CPU.Build.0 = Release|Any CPU
		{4F91AD6D-3D75-4292-ABE9-68E85050DB8A}.Release|Mixed Platforms.ActiveCfg = Release|Any CPU
		{4F91AD6D-3D75-4292-ABE9-68E85050DB8A}.Release|Mixed Platforms.Build.0 = Release|Any CPU
		{4F91AD6D-3D75-4292-ABE9-68E85050DB8A}.Release|x86.ActiveCfg = Release|Any CPU
		{E4AC66BE-7995-4581-85E4-38D4E1C3E79F}.Debug|Any CPU.ActiveCfg = Debug|Any CPU
		{E4AC66BE-7995-4581-85E4-38D4E1C3E79F}.Debug|Any CPU.Build.0 = Debug|Any CPU
		{E4AC66BE-7995-4581-85E4-38D4E1C3E79F}.Debug|Mixed Platforms.ActiveCfg = Debug|Any CPU
		{E4AC66BE-7995-4581-85E4-38D4E1C3E79F}.Debug|Mixed Platforms.Build.0 = Debug|Any CPU
		{E4AC66BE-7995-4581-85E4-38D4E1C3E79F}.Debug|x86.ActiveCfg = Debug|Any CPU
		{E4AC66BE-7995-4581-85E4-38D4E1C3E79F}.Release|Any CPU.ActiveCfg = Release|Any CPU
		{E4AC66BE-7995-4581-85E4-38D4E1C3E79F}.Release|Any CPU.Build.0 = Release|Any CPU
		{E4AC66BE-7995-4581-85E4-38D4E1C3E79F}.Release|Mixed Platforms.ActiveCfg = Release|Any CPU
		{E4AC66BE-7995-4581-85E4-38D4E1C3E79F}.Release|Mixed Platforms.Build.0 = Release|Any CPU
		{E4AC66BE-7995-4581-85E4-38D4E1C3E79F}.Release|x86.ActiveCfg = Release|Any CPU
	EndGlobalSection
	GlobalSection(SolutionProperties) = preSolution
		HideSolutionNode = FALSE
	EndGlobalSection
	GlobalSection(NestedProjects) = preSolution
		{109C1344-5BEA-4E1A-B662-2C7FE60AC428} = {1A0CE98E-EC54-408C-9BA9-32617113B4F9}
		{29826A61-DF20-4CF2-AFDD-F55921C2ACCE} = {1A0CE98E-EC54-408C-9BA9-32617113B4F9}
		{B937B7FD-3759-484B-8A1E-F7FADF835194} = {1A0CE98E-EC54-408C-9BA9-32617113B4F9}
		{2AA0C2E4-554D-4E03-BB2D-9325DEF32AD0} = {1A0CE98E-EC54-408C-9BA9-32617113B4F9}
		{781321C7-7737-4B1F-BA13-048169502805} = {29826A61-DF20-4CF2-AFDD-F55921C2ACCE}
		{9807479B-F797-4A18-9FEB-0CC576C27308} = {29826A61-DF20-4CF2-AFDD-F55921C2ACCE}
		{30F88005-A2F6-4999-830C-70F3133C9564} = {B937B7FD-3759-484B-8A1E-F7FADF835194}
		{9C4D9835-5937-4D56-9919-769025FA9DEC} = {B937B7FD-3759-484B-8A1E-F7FADF835194}
		{8A90EE69-6C6D-46A9-B344-04111EBD0172} = {B937B7FD-3759-484B-8A1E-F7FADF835194}
		{B40132D1-E305-46D2-AE24-E30E00933809} = {30F88005-A2F6-4999-830C-70F3133C9564}
		{6C9FB20A-B7FB-4A41-91A1-B8EFD3BB7080} = {B40132D1-E305-46D2-AE24-E30E00933809}
		{DB39501B-B9B6-42A5-BBD5-1DC96A0BE6EE} = {9C4D9835-5937-4D56-9919-769025FA9DEC}
	EndGlobalSection
EndGlobal
